
Microsoft Visual Studio Solution File, Format Version 12.00
# Visual Studio Version 17
VisualStudioVersion = 17.3.32929.385
MinimumVisualStudioVersion = 10.0.40219.1
Project("{FAE04EC0-301F-11D3-BF4B-00C04F79EFBC}") = "UAS_075", "UAS_075\UAS_075.csproj", "{640B3CA8-2FEE-4570-931A-A2435B20B561}"
EndProject
Global
	GlobalSection(SolutionConfigurationPlatforms) = preSolution
		Debug|Any CPU = Debug|Any CPU
		Release|Any CPU = Release|Any CPU
	EndGlobalSection
	GlobalSection(ProjectConfigurationPlatforms) = postSolution
		{640B3CA8-2FEE-4570-931A-A2435B20B561}.Debug|Any CPU.ActiveCfg = Debug|Any CPU
		{640B3CA8-2FEE-4570-931A-A2435B20B561}.Debug|Any CPU.Build.0 = Debug|Any CPU
		{640B3CA8-2FEE-4570-931A-A2435B20B561}.Release|Any CPU.ActiveCfg = Release|Any CPU
		{640B3CA8-2FEE-4570-931A-A2435B20B561}.Release|Any CPU.Build.0 = Release|Any CPU
	EndGlobalSection
	GlobalSection(SolutionProperties) = preSolution
		HideSolutionNode = FALSE
	EndGlobalSection
	GlobalSection(ExtensibilityGlobals) = postSolution
		SolutionGuid = {F5CF069D-F55B-4E8D-83B3-0C3AC73B56B8}
	EndGlobalSection
EndGlobal
